
Microsoft Visual Studio Solution File, Format Version 12.00
# Visual Studio Version 16
VisualStudioVersion = 16.0.29709.97
MinimumVisualStudioVersion = 10.0.40219.1
Project("{2150E333-8FDC-42A3-9474-1A3956D46DE8}") = "IdentityServer", "IdentityServer", "{10276E78-54FF-4174-8BC9-2745BE73A404}"
EndProject
Project("{2150E333-8FDC-42A3-9474-1A3956D46DE8}") = "Microservices", "Microservices", "{C7672364-CFE4-4DCF-A538-FE2B9E93BB77}"
EndProject
Project("{2150E333-8FDC-42A3-9474-1A3956D46DE8}") = "UI", "UI", "{09AD812A-C8ED-448B-86AA-B9EDC11441F5}"
EndProject
Project("{2150E333-8FDC-42A3-9474-1A3956D46DE8}") = "Common", "Common", "{D3850CB7-CE2D-4DA6-9D55-7E9DBC198D91}"
EndProject
Project("{2150E333-8FDC-42A3-9474-1A3956D46DE8}") = "Domain", "Domain", "{003D1867-2532-4631-89E6-560AD31ED03F}"
EndProject
Project("{2150E333-8FDC-42A3-9474-1A3956D46DE8}") = "Infra.Bus", "Infra.Bus", "{768E814B-F1D5-4008-9B22-1B0D0D8C5E9B}"
EndProject
Project("{2150E333-8FDC-42A3-9474-1A3956D46DE8}") = "Infra.IoC", "Infra.IoC", "{E82E6B77-0257-43CB-9D2C-43AA1F33B14D}"
EndProject
Project("{9A19103F-16F7-4668-BE54-9A1E7A4F7556}") = "ComplaintsApplication.Common.Model", "ComplaintsApplication.Common.Model\ComplaintsApplication.Common.Model.csproj", "{801819A6-E3FD-40B6-A4EA-B18B88205F21}"
EndProject
Project("{9A19103F-16F7-4668-BE54-9A1E7A4F7556}") = "ComplaintsApplication.Domain.Core", "ComplaintsApplication.Domain.Core\ComplaintsApplication.Domain.Core.csproj", "{F3A5BD7F-6E97-4CCD-846A-2F2698EC7DCF}"
EndProject
Project("{9A19103F-16F7-4668-BE54-9A1E7A4F7556}") = "ComplaintsApplication.Infra.Bus", "ComplaintsApplication.Infra.Bus\ComplaintsApplication.Infra.Bus.csproj", "{906FF055-E4F0-4E95-B8D4-478613862A19}"
EndProject
Project("{9A19103F-16F7-4668-BE54-9A1E7A4F7556}") = "ComplaintsApplication.Infra.IoC", "ComplaintsApplication.Infra.IoC\ComplaintsApplication.Infra.IoC.csproj", "{5E67B8CD-ACFE-455A-8A28-26C797850D55}"
EndProject
Project("{2150E333-8FDC-42A3-9474-1A3956D46DE8}") = "API", "API", "{2997E9F6-82EF-4694-919A-964DFDCAADD7}"
EndProject
Project("{9A19103F-16F7-4668-BE54-9A1E7A4F7556}") = "ComplaintsApplication.IS4", "ComplaintsApplication.IS4\ComplaintsApplication.IS4.csproj", "{77E13BA9-847D-4BBB-9C17-6FC27778B4A2}"
EndProject
Project("{FAE04EC0-301F-11D3-BF4B-00C04F79EFBC}") = "ComplaintsApplication.ReadWrite.API", "ComplaintsApplication.ReadWrite.API\ComplaintsApplication.ReadWrite.API.csproj", "{BEFC8A3B-3755-46C4-91F2-DC76210A0959}"
EndProject
Project("{2150E333-8FDC-42A3-9474-1A3956D46DE8}") = "ReadWrite", "ReadWrite", "{D724EC94-18B7-48E0-871E-AAAE4AD0B2E3}"
EndProject
Project("{2150E333-8FDC-42A3-9474-1A3956D46DE8}") = "Transfer", "Transfer", "{D4D51B5C-1A2C-4D2D-AE2E-6F00A4231843}"
EndProject
Project("{2150E333-8FDC-42A3-9474-1A3956D46DE8}") = "Application", "Application", "{62474440-2213-4366-8517-DE7D1DC18D80}"
EndProject
Project("{2150E333-8FDC-42A3-9474-1A3956D46DE8}") = "Domain", "Domain", "{A5FC6176-B084-4F9F-A2B4-E651A915F8D3}"
EndProject
Project("{9A19103F-16F7-4668-BE54-9A1E7A4F7556}") = "ComplaintsApplication.ReadWrite.Application", "ComplaintsApplication.ReadWrite.Application\ComplaintsApplication.ReadWrite.Application.csproj", "{F1F0EEDB-1489-4573-B7FB-0F8A9383BC41}"
EndProject
Project("{9A19103F-16F7-4668-BE54-9A1E7A4F7556}") = "ComplaintsApplication.ReadWrite.Domain", "ComplaintsApplication.ReadWrite.Domain\ComplaintsApplication.ReadWrite.Domain.csproj", "{9FCC5EC2-7505-464A-A5E4-315A500CE1BB}"
EndProject
Project("{2150E333-8FDC-42A3-9474-1A3956D46DE8}") = "Elasticsearch", "Elasticsearch", "{4333AF80-B2FC-4956-90C5-B700F8E424A5}"
EndProject
Project("{9A19103F-16F7-4668-BE54-9A1E7A4F7556}") = "ComplaintsApplication.Elasticsearch.ElasticDBSetup", "ComplaintsApplication.Elasticsearch.ElasticDBSetup\ComplaintsApplication.Elasticsearch.ElasticDBSetup.csproj", "{48BF658E-4CE8-4293-B847-2C5DFE4432DD}"
EndProject
Project("{2150E333-8FDC-42A3-9474-1A3956D46DE8}") = "API", "API", "{8381577D-916A-4E10-BEA0-6587D55948CF}"
EndProject
Project("{2150E333-8FDC-42A3-9474-1A3956D46DE8}") = "Domain", "Domain", "{DCC086DD-6E5C-4F21-999F-8085E620B539}"
EndProject
Project("{2150E333-8FDC-42A3-9474-1A3956D46DE8}") = "Application", "Application", "{027D8A37-21BF-40C3-9B43-7522E75545C7}"
EndProject
Project("{9A19103F-16F7-4668-BE54-9A1E7A4F7556}") = "ComplaintsApplication.Transfer.API", "ComplaintsApplication.Transfer.API\ComplaintsApplication.Transfer.API.csproj", "{5A71A831-CD68-4F73-973C-44EBCF1C1E6A}"
EndProject
Project("{9A19103F-16F7-4668-BE54-9A1E7A4F7556}") = "ComplaintsApplication.Transfer.Application", "ComplaintsApplication.Transfer.Application\ComplaintsApplication.Transfer.Application.csproj", "{29FEC31D-EE24-46AD-8DE8-DB649839BBF7}"
EndProject
Project("{9A19103F-16F7-4668-BE54-9A1E7A4F7556}") = "ComplaintsApplication.Transfer.Domain", "ComplaintsApplication.Transfer.Domain\ComplaintsApplication.Transfer.Domain.csproj", "{FFFD77C7-3621-467D-93FD-4C0647922371}"
EndProject
Global
	GlobalSection(SolutionConfigurationPlatforms) = preSolution
		Debug|Any CPU = Debug|Any CPU
		Release|Any CPU = Release|Any CPU
	EndGlobalSection
	GlobalSection(ProjectConfigurationPlatforms) = postSolution
		{801819A6-E3FD-40B6-A4EA-B18B88205F21}.Debug|Any CPU.ActiveCfg = Debug|Any CPU
		{801819A6-E3FD-40B6-A4EA-B18B88205F21}.Debug|Any CPU.Build.0 = Debug|Any CPU
		{801819A6-E3FD-40B6-A4EA-B18B88205F21}.Release|Any CPU.ActiveCfg = Release|Any CPU
		{801819A6-E3FD-40B6-A4EA-B18B88205F21}.Release|Any CPU.Build.0 = Release|Any CPU
		{F3A5BD7F-6E97-4CCD-846A-2F2698EC7DCF}.Debug|Any CPU.ActiveCfg = Debug|Any CPU
		{F3A5BD7F-6E97-4CCD-846A-2F2698EC7DCF}.Debug|Any CPU.Build.0 = Debug|Any CPU
		{F3A5BD7F-6E97-4CCD-846A-2F2698EC7DCF}.Release|Any CPU.ActiveCfg = Release|Any CPU
		{F3A5BD7F-6E97-4CCD-846A-2F2698EC7DCF}.Release|Any CPU.Build.0 = Release|Any CPU
		{906FF055-E4F0-4E95-B8D4-478613862A19}.Debug|Any CPU.ActiveCfg = Debug|Any CPU
		{906FF055-E4F0-4E95-B8D4-478613862A19}.Debug|Any CPU.Build.0 = Debug|Any CPU
		{906FF055-E4F0-4E95-B8D4-478613862A19}.Release|Any CPU.ActiveCfg = Release|Any CPU
		{906FF055-E4F0-4E95-B8D4-478613862A19}.Release|Any CPU.Build.0 = Release|Any CPU
		{5E67B8CD-ACFE-455A-8A28-26C797850D55}.Debug|Any CPU.ActiveCfg = Debug|Any CPU
		{5E67B8CD-ACFE-455A-8A28-26C797850D55}.Debug|Any CPU.Build.0 = Debug|Any CPU
		{5E67B8CD-ACFE-455A-8A28-26C797850D55}.Release|Any CPU.ActiveCfg = Release|Any CPU
		{5E67B8CD-ACFE-455A-8A28-26C797850D55}.Release|Any CPU.Build.0 = Release|Any CPU
		{77E13BA9-847D-4BBB-9C17-6FC27778B4A2}.Debug|Any CPU.ActiveCfg = Debug|Any CPU
		{77E13BA9-847D-4BBB-9C17-6FC27778B4A2}.Debug|Any CPU.Build.0 = Debug|Any CPU
		{77E13BA9-847D-4BBB-9C17-6FC27778B4A2}.Release|Any CPU.ActiveCfg = Release|Any CPU
		{77E13BA9-847D-4BBB-9C17-6FC27778B4A2}.Release|Any CPU.Build.0 = Release|Any CPU
		{BEFC8A3B-3755-46C4-91F2-DC76210A0959}.Debug|Any CPU.ActiveCfg = Debug|Any CPU
		{BEFC8A3B-3755-46C4-91F2-DC76210A0959}.Debug|Any CPU.Build.0 = Debug|Any CPU
		{BEFC8A3B-3755-46C4-91F2-DC76210A0959}.Release|Any CPU.ActiveCfg = Release|Any CPU
		{BEFC8A3B-3755-46C4-91F2-DC76210A0959}.Release|Any CPU.Build.0 = Release|Any CPU
		{F1F0EEDB-1489-4573-B7FB-0F8A9383BC41}.Debug|Any CPU.ActiveCfg = Debug|Any CPU
		{F1F0EEDB-1489-4573-B7FB-0F8A9383BC41}.Debug|Any CPU.Build.0 = Debug|Any CPU
		{F1F0EEDB-1489-4573-B7FB-0F8A9383BC41}.Release|Any CPU.ActiveCfg = Release|Any CPU
		{F1F0EEDB-1489-4573-B7FB-0F8A9383BC41}.Release|Any CPU.Build.0 = Release|Any CPU
		{9FCC5EC2-7505-464A-A5E4-315A500CE1BB}.Debug|Any CPU.ActiveCfg = Debug|Any CPU
		{9FCC5EC2-7505-464A-A5E4-315A500CE1BB}.Debug|Any CPU.Build.0 = Debug|Any CPU
		{9FCC5EC2-7505-464A-A5E4-315A500CE1BB}.Release|Any CPU.ActiveCfg = Release|Any CPU
		{9FCC5EC2-7505-464A-A5E4-315A500CE1BB}.Release|Any CPU.Build.0 = Release|Any CPU
		{48BF658E-4CE8-4293-B847-2C5DFE4432DD}.Debug|Any CPU.ActiveCfg = Debug|Any CPU
		{48BF658E-4CE8-4293-B847-2C5DFE4432DD}.Debug|Any CPU.Build.0 = Debug|Any CPU
		{48BF658E-4CE8-4293-B847-2C5DFE4432DD}.Release|Any CPU.ActiveCfg = Release|Any CPU
		{48BF658E-4CE8-4293-B847-2C5DFE4432DD}.Release|Any CPU.Build.0 = Release|Any CPU
		{5A71A831-CD68-4F73-973C-44EBCF1C1E6A}.Debug|Any CPU.ActiveCfg = Debug|Any CPU
		{5A71A831-CD68-4F73-973C-44EBCF1C1E6A}.Debug|Any CPU.Build.0 = Debug|Any CPU
		{5A71A831-CD68-4F73-973C-44EBCF1C1E6A}.Release|Any CPU.ActiveCfg = Release|Any CPU
		{5A71A831-CD68-4F73-973C-44EBCF1C1E6A}.Release|Any CPU.Build.0 = Release|Any CPU
		{29FEC31D-EE24-46AD-8DE8-DB649839BBF7}.Debug|Any CPU.ActiveCfg = Debug|Any CPU
		{29FEC31D-EE24-46AD-8DE8-DB649839BBF7}.Debug|Any CPU.Build.0 = Debug|Any CPU
		{29FEC31D-EE24-46AD-8DE8-DB649839BBF7}.Release|Any CPU.ActiveCfg = Release|Any CPU
		{29FEC31D-EE24-46AD-8DE8-DB649839BBF7}.Release|Any CPU.Build.0 = Release|Any CPU
		{FFFD77C7-3621-467D-93FD-4C0647922371}.Debug|Any CPU.ActiveCfg = Debug|Any CPU
		{FFFD77C7-3621-467D-93FD-4C0647922371}.Debug|Any CPU.Build.0 = Debug|Any CPU
		{FFFD77C7-3621-467D-93FD-4C0647922371}.Release|Any CPU.ActiveCfg = Release|Any CPU
		{FFFD77C7-3621-467D-93FD-4C0647922371}.Release|Any CPU.Build.0 = Release|Any CPU
	EndGlobalSection
	GlobalSection(SolutionProperties) = preSolution
		HideSolutionNode = FALSE
	EndGlobalSection
	GlobalSection(NestedProjects) = preSolution
		{801819A6-E3FD-40B6-A4EA-B18B88205F21} = {D3850CB7-CE2D-4DA6-9D55-7E9DBC198D91}
		{F3A5BD7F-6E97-4CCD-846A-2F2698EC7DCF} = {003D1867-2532-4631-89E6-560AD31ED03F}
		{906FF055-E4F0-4E95-B8D4-478613862A19} = {768E814B-F1D5-4008-9B22-1B0D0D8C5E9B}
		{5E67B8CD-ACFE-455A-8A28-26C797850D55} = {E82E6B77-0257-43CB-9D2C-43AA1F33B14D}
		{2997E9F6-82EF-4694-919A-964DFDCAADD7} = {D724EC94-18B7-48E0-871E-AAAE4AD0B2E3}
		{77E13BA9-847D-4BBB-9C17-6FC27778B4A2} = {10276E78-54FF-4174-8BC9-2745BE73A404}
		{BEFC8A3B-3755-46C4-91F2-DC76210A0959} = {2997E9F6-82EF-4694-919A-964DFDCAADD7}
		{D724EC94-18B7-48E0-871E-AAAE4AD0B2E3} = {C7672364-CFE4-4DCF-A538-FE2B9E93BB77}
		{D4D51B5C-1A2C-4D2D-AE2E-6F00A4231843} = {C7672364-CFE4-4DCF-A538-FE2B9E93BB77}
		{62474440-2213-4366-8517-DE7D1DC18D80} = {D724EC94-18B7-48E0-871E-AAAE4AD0B2E3}
		{A5FC6176-B084-4F9F-A2B4-E651A915F8D3} = {D724EC94-18B7-48E0-871E-AAAE4AD0B2E3}
		{F1F0EEDB-1489-4573-B7FB-0F8A9383BC41} = {62474440-2213-4366-8517-DE7D1DC18D80}
		{9FCC5EC2-7505-464A-A5E4-315A500CE1BB} = {A5FC6176-B084-4F9F-A2B4-E651A915F8D3}
		{48BF658E-4CE8-4293-B847-2C5DFE4432DD} = {4333AF80-B2FC-4956-90C5-B700F8E424A5}
		{8381577D-916A-4E10-BEA0-6587D55948CF} = {D4D51B5C-1A2C-4D2D-AE2E-6F00A4231843}
		{DCC086DD-6E5C-4F21-999F-8085E620B539} = {D4D51B5C-1A2C-4D2D-AE2E-6F00A4231843}
		{027D8A37-21BF-40C3-9B43-7522E75545C7} = {D4D51B5C-1A2C-4D2D-AE2E-6F00A4231843}
		{5A71A831-CD68-4F73-973C-44EBCF1C1E6A} = {8381577D-916A-4E10-BEA0-6587D55948CF}
		{29FEC31D-EE24-46AD-8DE8-DB649839BBF7} = {027D8A37-21BF-40C3-9B43-7522E75545C7}
		{FFFD77C7-3621-467D-93FD-4C0647922371} = {DCC086DD-6E5C-4F21-999F-8085E620B539}
	EndGlobalSection
	GlobalSection(ExtensibilityGlobals) = postSolution
		SolutionGuid = {E50A846A-9E9A-439D-9130-7DF7DD10334F}
	EndGlobalSection
EndGlobal
